
Microsoft Visual Studio Solution File, Format Version 12.00
# Visual Studio Version 16
VisualStudioVersion = 16.0.31702.278
MinimumVisualStudioVersion = 10.0.40219.1
Project("{8BC9CEB8-8B4A-11D0-8D11-00A0C91BC942}") = "OpenGL", "OpenGL.vcxproj", "{6FFD27DE-9209-47D4-A231-DE516FBBE9DF}"
EndProject
Global
	GlobalSection(SolutionConfigurationPlatforms) = preSolution
		Debug|x64 = Debug|x64
		Debug|x86 = Debug|x86
		Release|x64 = Release|x64
		Release|x86 = Release|x86
	EndGlobalSection
	GlobalSection(ProjectConfigurationPlatforms) = postSolution
		{6FFD27DE-9209-47D4-A231-DE516FBBE9DF}.Debug|x64.ActiveCfg = Debug|x64
		{6FFD27DE-9209-47D4-A231-DE516FBBE9DF}.Debug|x64.Build.0 = Debug|x64
		{6FFD27DE-9209-47D4-A231-DE516FBBE9DF}.Debug|x86.ActiveCfg = Debug|Win32
		{6FFD27DE-9209-47D4-A231-DE516FBBE9DF}.Debug|x86.Build.0 = Debug|Win32
		{6FFD27DE-9209-47D4-A231-DE516FBBE9DF}.Release|x64.ActiveCfg = Release|x64
		{6FFD27DE-9209-47D4-A231-DE516FBBE9DF}.Release|x64.Build.0 = Release|x64
		{6FFD27DE-9209-47D4-A231-DE516FBBE9DF}.Release|x86.ActiveCfg = Release|Win32
		{6FFD27DE-9209-47D4-A231-DE516FBBE9DF}.Release|x86.Build.0 = Release|Win32
	EndGlobalSection
	GlobalSection(SolutionProperties) = preSolution
		HideSolutionNode = FALSE
	EndGlobalSection
	GlobalSection(ExtensibilityGlobals) = postSolution
		SolutionGuid = {ABBC8E32-0D3A-41A0-846A-FB600387DD8B}
	EndGlobalSection
EndGlobal
